FORGE
  remote: https://forgeapi.puppetlabs.com
  specs:
    KyleAnderson-consul (1.0.5)
      nanliu-staging (< 2.0.0, >= 0.4.0)
      puppetlabs-stdlib (< 5.0.0, >= 4.6.0)
    andschwa-unattended_upgrades (0.2.1)
      puppetlabs-stdlib (>= 1.0.0)
    attachmentgenie-ufw (1.4.9)
      puppetlabs-stdlib (>= 2.2.1)
    camptocamp-archive (0.8.1)
    nanliu-staging (1.0.3)
    puppetlabs-apt (2.2.1)
      puppetlabs-stdlib (< 5.0.0, >= 4.5.0)
    puppetlabs-concat (2.1.0)
      puppetlabs-stdlib (< 5.0.0, >= 3.2.0)
    puppetlabs-git (0.4.0)
      puppetlabs-stdlib (>= 3.2.0)
    puppetlabs-stdlib (4.11.0)
    saz-limits (2.3.0)
    saz-locales (2.2.2)
    saz-motd (2.3.1)
      puppetlabs-stdlib (< 5.0.0, >= 2.4.0)
    saz-ssh (2.8.1)
      puppetlabs-concat (>= 1.0.0)
      puppetlabs-stdlib (>= 2.2.1)
    saz-sudo (3.1.0)
      puppetlabs-stdlib (< 5.0.0, >= 2.3.0)
    saz-timezone (3.3.0)
      puppetlabs-stdlib (>= 2.3.0)
    stahnma-epel (1.2.2)
      puppetlabs-stdlib (>= 3.0.0)

GIT
  remote: https://github.com/garethr/garethr-docker.git
  ref: master
  sha: d10bc3da72c8c5c7a110a4f7ab83296178a375bb
  specs:
    garethr-docker (5.0.0)
      puppetlabs-apt (<= 3.0.0, >= 1.8.0)
      puppetlabs-stdlib (>= 4.1.0)
      stahnma-epel (>= 0.0.6)

DEPENDENCIES
  KyleAnderson-consul (>= 0)
  andschwa-unattended_upgrades (>= 0)
  attachmentgenie-ufw (>= 0)
  camptocamp-archive (>= 0)
  garethr-docker (>= 0)
  puppetlabs-apt (>= 0)
  puppetlabs-git (>= 0)
  puppetlabs-stdlib (>= 0)
  saz-limits (>= 0)
  saz-locales (>= 0)
  saz-motd (>= 0)
  saz-ssh (>= 0)
  saz-sudo (>= 0)
  saz-timezone (>= 0)

